
Microsoft Visual Studio Solution File, Format Version 12.00
# Visual Studio Version 17
VisualStudioVersion = 17.11.35327.3
MinimumVisualStudioVersion = 10.0.40219.1
Project("{FAE04EC0-301F-11D3-BF4B-00C04F79EFBC}") = "shablondz6strat", "shablondz6strat\shablondz6strat.csproj", "{DDA406EE-E9FA-4DE8-BEA6-30C5585ECD00}"
EndProject
Global
	GlobalSection(SolutionConfigurationPlatforms) = preSolution
		Debug|Any CPU = Debug|Any CPU
		Release|Any CPU = Release|Any CPU
	EndGlobalSection
	GlobalSection(ProjectConfigurationPlatforms) = postSolution
		{DDA406EE-E9FA-4DE8-BEA6-30C5585ECD00}.Debug|Any CPU.ActiveCfg = Debug|Any CPU
		{DDA406EE-E9FA-4DE8-BEA6-30C5585ECD00}.Debug|Any CPU.Build.0 = Debug|Any CPU
		{DDA406EE-E9FA-4DE8-BEA6-30C5585ECD00}.Release|Any CPU.ActiveCfg = Release|Any CPU
		{DDA406EE-E9FA-4DE8-BEA6-30C5585ECD00}.Release|Any CPU.Build.0 = Release|Any CPU
	EndGlobalSection
	GlobalSection(SolutionProperties) = preSolution
		HideSolutionNode = FALSE
	EndGlobalSection
	GlobalSection(ExtensibilityGlobals) = postSolution
		SolutionGuid = {AB7CBF7E-04A9-468B-90F2-D2AC48543B75}
	EndGlobalSection
EndGlobal
